
Microsoft Visual Studio Solution File, Format Version 12.00
# Visual Studio Version 16
VisualStudioVersion = 16.0.810.16
MinimumVisualStudioVersion = 10.0.40219.1
Project("{FAE04EC0-301F-11D3-BF4B-00C04F79EFBC}") = "ThaiContestApi", "ThaiContestApi\ThaiContestApi.csproj", "{72154FA4-5390-4351-A86E-BE5D3B5ED722}"
EndProject
Global
	GlobalSection(SolutionConfigurationPlatforms) = preSolution
		Debug|Any CPU = Debug|Any CPU
		Release|Any CPU = Release|Any CPU
	EndGlobalSection
	GlobalSection(ProjectConfigurationPlatforms) = postSolution
		{72154FA4-5390-4351-A86E-BE5D3B5ED722}.Debug|Any CPU.ActiveCfg = Debug|Any CPU
		{72154FA4-5390-4351-A86E-BE5D3B5ED722}.Debug|Any CPU.Build.0 = Debug|Any CPU
		{72154FA4-5390-4351-A86E-BE5D3B5ED722}.Release|Any CPU.ActiveCfg = Release|Any CPU
		{72154FA4-5390-4351-A86E-BE5D3B5ED722}.Release|Any CPU.Build.0 = Release|Any CPU
	EndGlobalSection
	GlobalSection(SolutionProperties) = preSolution
		HideSolutionNode = FALSE
	EndGlobalSection
	GlobalSection(ExtensibilityGlobals) = postSolution
		SolutionGuid = {79F7659B-3A1A-45C8-A63C-8625AC94A04B}
	EndGlobalSection
EndGlobal
